
Microsoft Visual Studio Solution File, Format Version 12.00
# Visual Studio 14
VisualStudioVersion = 14.0.25123.0
MinimumVisualStudioVersion = 10.0.40219.1
Project("{FAE04EC0-301F-11D3-BF4B-00C04F79EFBC}") = "MVC_Test", "MVC_Test\MVC_Test.csproj", "{1F2548EA-0E5A-456A-8A3D-50552BDD8ADE}"
EndProject
Project("{8BB2217D-0F2D-49D1-97BC-3654ED321F3B}") = "MVC6", "MVC6\MVC6.xproj", "{5AC9E31E-3886-443A-BF42-1881B4364215}"
EndProject
Global
	GlobalSection(SolutionConfigurationPlatforms) = preSolution
		Debug|Any CPU = Debug|Any CPU
		Release|Any CPU = Release|Any CPU
	EndGlobalSection
	GlobalSection(ProjectConfigurationPlatforms) = postSolution
		{1F2548EA-0E5A-456A-8A3D-50552BDD8ADE}.Debug|Any CPU.ActiveCfg = Debug|Any CPU
		{1F2548EA-0E5A-456A-8A3D-50552BDD8ADE}.Debug|Any CPU.Build.0 = Debug|Any CPU
		{1F2548EA-0E5A-456A-8A3D-50552BDD8ADE}.Release|Any CPU.ActiveCfg = Release|Any CPU
		{1F2548EA-0E5A-456A-8A3D-50552BDD8ADE}.Release|Any CPU.Build.0 = Release|Any CPU
		{5AC9E31E-3886-443A-BF42-1881B4364215}.Debug|Any CPU.ActiveCfg = Debug|Any CPU
		{5AC9E31E-3886-443A-BF42-1881B4364215}.Debug|Any CPU.Build.0 = Debug|Any CPU
		{5AC9E31E-3886-443A-BF42-1881B4364215}.Release|Any CPU.ActiveCfg = Release|Any CPU
		{5AC9E31E-3886-443A-BF42-1881B4364215}.Release|Any CPU.Build.0 = Release|Any CPU
	EndGlobalSection
	GlobalSection(SolutionProperties) = preSolution
		HideSolutionNode = FALSE
	EndGlobalSection
EndGlobal
